
Microsoft Visual Studio Solution File, Format Version 12.00
# Visual Studio Version 17
VisualStudioVersion = 17.7.34202.233
MinimumVisualStudioVersion = 10.0.40219.1
Project("{FAE04EC0-301F-11D3-BF4B-00C04F79EFBC}") = "thuchanh1", "thuchanh1\thuchanh1.csproj", "{D169702E-85E2-45E8-A044-4D3466A9BAE3}"
EndProject
Global
	GlobalSection(SolutionConfigurationPlatforms) = preSolution
		Debug|Any CPU = Debug|Any CPU
		Release|Any CPU = Release|Any CPU
	EndGlobalSection
	GlobalSection(ProjectConfigurationPlatforms) = postSolution
		{D169702E-85E2-45E8-A044-4D3466A9BAE3}.Debug|Any CPU.ActiveCfg = Debug|Any CPU
		{D169702E-85E2-45E8-A044-4D3466A9BAE3}.Debug|Any CPU.Build.0 = Debug|Any CPU
		{D169702E-85E2-45E8-A044-4D3466A9BAE3}.Release|Any CPU.ActiveCfg = Release|Any CPU
		{D169702E-85E2-45E8-A044-4D3466A9BAE3}.Release|Any CPU.Build.0 = Release|Any CPU
	EndGlobalSection
	GlobalSection(SolutionProperties) = preSolution
		HideSolutionNode = FALSE
	EndGlobalSection
	GlobalSection(ExtensibilityGlobals) = postSolution
		SolutionGuid = {3170E34A-16F3-4CD9-8CF2-CCE85295E468}
	EndGlobalSection
EndGlobal
